
Microsoft Visual Studio Solution File, Format Version 12.00
# Visual Studio 15
VisualStudioVersion = 15.0.28010.2036
MinimumVisualStudioVersion = 10.0.40219.1
Project("{2150E333-8FDC-42A3-9474-1A3956D46DE8}") = "Solution Items", "Solution Items", "{C1A632DC-2E93-4B2F-8AC8-D55596225341}"
	ProjectSection(SolutionItems) = preProject
		index.html = index.html
		script.js = script.js
	EndProjectSection
EndProject
Global
	GlobalSection(SolutionProperties) = preSolution
		HideSolutionNode = FALSE
	EndGlobalSection
	GlobalSection(ExtensibilityGlobals) = postSolution
		SolutionGuid = {A4E12A74-FE2E-4C32-B17D-A5D8FB14667B}
	EndGlobalSection
EndGlobal
